
Microsoft Visual Studio Solution File, Format Version 12.00
# Visual Studio Version 16
VisualStudioVersion = 16.0.30011.22
MinimumVisualStudioVersion = 10.0.40219.1
Project("{FAE04EC0-301F-11D3-BF4B-00C04F79EFBC}") = "HRMSystem", "HRMSystem\HRMSystem.csproj", "{D476D52F-6401-4DC6-982B-ED8B6BB38F34}"
EndProject
Project("{FAE04EC0-301F-11D3-BF4B-00C04F79EFBC}") = "Model", "Model\Model.csproj", "{EE150CE3-36FB-478C-9E97-DEA78A8F019A}"
EndProject
Global
	GlobalSection(SolutionConfigurationPlatforms) = preSolution
		Debug|Any CPU = Debug|Any CPU
		Release|Any CPU = Release|Any CPU
	EndGlobalSection
	GlobalSection(ProjectConfigurationPlatforms) = postSolution
		{D476D52F-6401-4DC6-982B-ED8B6BB38F34}.Debug|Any CPU.ActiveCfg = Debug|Any CPU
		{D476D52F-6401-4DC6-982B-ED8B6BB38F34}.Debug|Any CPU.Build.0 = Debug|Any CPU
		{D476D52F-6401-4DC6-982B-ED8B6BB38F34}.Release|Any CPU.ActiveCfg = Release|Any CPU
		{D476D52F-6401-4DC6-982B-ED8B6BB38F34}.Release|Any CPU.Build.0 = Release|Any CPU
		{EE150CE3-36FB-478C-9E97-DEA78A8F019A}.Debug|Any CPU.ActiveCfg = Debug|Any CPU
		{EE150CE3-36FB-478C-9E97-DEA78A8F019A}.Debug|Any CPU.Build.0 = Debug|Any CPU
		{EE150CE3-36FB-478C-9E97-DEA78A8F019A}.Release|Any CPU.ActiveCfg = Release|Any CPU
		{EE150CE3-36FB-478C-9E97-DEA78A8F019A}.Release|Any CPU.Build.0 = Release|Any CPU
	EndGlobalSection
	GlobalSection(SolutionProperties) = preSolution
		HideSolutionNode = FALSE
	EndGlobalSection
	GlobalSection(ExtensibilityGlobals) = postSolution
		SolutionGuid = {CA5E8880-B8E7-4CB6-A46E-E11391CB1211}
	EndGlobalSection
EndGlobal
